
Microsoft Visual Studio Solution File, Format Version 12.00
# Visual Studio Version 17
VisualStudioVersion = 17.3.32819.101
MinimumVisualStudioVersion = 10.0.40219.1
Project("{FAE04EC0-301F-11D3-BF4B-00C04F79EFBC}") = "mySuperBank", "mySuperBank.csproj", "{999E331A-CD8B-437B-8748-B3FF4CFB29D2}"
EndProject
Global
	GlobalSection(SolutionConfigurationPlatforms) = preSolution
		Debug|Any CPU = Debug|Any CPU
		Release|Any CPU = Release|Any CPU
	EndGlobalSection
	GlobalSection(ProjectConfigurationPlatforms) = postSolution
		{999E331A-CD8B-437B-8748-B3FF4CFB29D2}.Debug|Any CPU.ActiveCfg = Debug|Any CPU
		{999E331A-CD8B-437B-8748-B3FF4CFB29D2}.Debug|Any CPU.Build.0 = Debug|Any CPU
		{999E331A-CD8B-437B-8748-B3FF4CFB29D2}.Release|Any CPU.ActiveCfg = Release|Any CPU
		{999E331A-CD8B-437B-8748-B3FF4CFB29D2}.Release|Any CPU.Build.0 = Release|Any CPU
	EndGlobalSection
	GlobalSection(SolutionProperties) = preSolution
		HideSolutionNode = FALSE
	EndGlobalSection
	GlobalSection(ExtensibilityGlobals) = postSolution
		SolutionGuid = {E36BE6C6-E29A-4A6B-98A3-6513F15CDED9}
	EndGlobalSection
EndGlobal
